
Microsoft Visual Studio Solution File, Format Version 12.00
# Visual Studio Version 16
VisualStudioVersion = 16.0.34301.259
MinimumVisualStudioVersion = 10.0.40219.1
Project("{8BC9CEB8-8B4A-11D0-8D11-00A0C91BC942}") = "GA", "GA.vcxproj", "{AD878F83-8427-4E0D-8247-C1719C84948D}"
EndProject
Global
	GlobalSection(SolutionConfigurationPlatforms) = preSolution
		Debug|x86 = Debug|x86
		Release|x86 = Release|x86
	EndGlobalSection
	GlobalSection(ProjectConfigurationPlatforms) = postSolution
		{AD878F83-8427-4E0D-8247-C1719C84948D}.Debug|x86.ActiveCfg = Debug|Win32
		{AD878F83-8427-4E0D-8247-C1719C84948D}.Debug|x86.Build.0 = Debug|Win32
		{AD878F83-8427-4E0D-8247-C1719C84948D}.Release|x86.ActiveCfg = Release|Win32
		{AD878F83-8427-4E0D-8247-C1719C84948D}.Release|x86.Build.0 = Release|Win32
	EndGlobalSection
	GlobalSection(SolutionProperties) = preSolution
		HideSolutionNode = FALSE
	EndGlobalSection
	GlobalSection(ExtensibilityGlobals) = postSolution
		SolutionGuid = {B0E908DC-FA00-44E5-8217-A71E1ACFF5C9}
	EndGlobalSection
EndGlobal
